{
  "name": "@cosmobean/runic-cli",
  "version": "0.1.0",
  "lockfileVersion": 3,
  "requires": true,
  "packages": {
    "": {
      "name": "@cosmobean/runic-cli",
      "version": "0.1.0",
      "hasInstallScript": true,
      "license": "MIT",
      "bin": {
        "runic": "bin/runic.js"
      },
      "engines": {
        "node": ">=18"
      }
    }
  }
}
